﻿
Microsoft Visual Studio Solution File, Format Version 12.00
# Visual Studio Version 17
VisualStudioVersion = 17.5.002.0
MinimumVisualStudioVersion = 10.0.40219.1
Project("{FAE04EC0-301F-11D3-BF4B-00C04F79EFBC}") = "read-api", "ReadApi\read-api.csproj", "{47815ED4-8E42-4429-89F6-F83D31BC045A}"
EndProject
Project("{FAE04EC0-301F-11D3-BF4B-00C04F79EFBC}") = "read-api-tests", "Tests\read-api-tests.csproj", "{78BE5BBD-7760-436F-813E-76494D24698E}"
EndProject
Global
	GlobalSection(SolutionProperties) = preSolution
		HideSolutionNode = FALSE
	EndGlobalSection
	GlobalSection(ExtensibilityGlobals) = postSolution
		SolutionGuid = {3A2BFE41-436C-4E5C-A456-01D91D710892}
	EndGlobalSection
	GlobalSection(SolutionConfigurationPlatforms) = preSolution
		Debug|Any CPU = Debug|Any CPU
		Debug|x64 = Debug|x64
		Debug|x86 = Debug|x86
		Release|Any CPU = Release|Any CPU
		Release|x64 = Release|x64
		Release|x86 = Release|x86
	EndGlobalSection
	GlobalSection(ProjectConfigurationPlatforms) = postSolution
		{47815ED4-8E42-4429-89F6-F83D31BC045A}.Debug|Any CPU.ActiveCfg = Debug|Any CPU
		{47815ED4-8E42-4429-89F6-F83D31BC045A}.Debug|Any CPU.Build.0 = Debug|Any CPU
		{47815ED4-8E42-4429-89F6-F83D31BC045A}.Debug|x64.ActiveCfg = Debug|Any CPU
		{47815ED4-8E42-4429-89F6-F83D31BC045A}.Debug|x64.Build.0 = Debug|Any CPU
		{47815ED4-8E42-4429-89F6-F83D31BC045A}.Debug|x86.ActiveCfg = Debug|Any CPU
		{47815ED4-8E42-4429-89F6-F83D31BC045A}.Debug|x86.Build.0 = Debug|Any CPU
		{47815ED4-8E42-4429-89F6-F83D31BC045A}.Release|Any CPU.ActiveCfg = Release|Any CPU
		{47815ED4-8E42-4429-89F6-F83D31BC045A}.Release|Any CPU.Build.0 = Release|Any CPU
		{47815ED4-8E42-4429-89F6-F83D31BC045A}.Release|x64.ActiveCfg = Release|Any CPU
		{47815ED4-8E42-4429-89F6-F83D31BC045A}.Release|x64.Build.0 = Release|Any CPU
		{47815ED4-8E42-4429-89F6-F83D31BC045A}.Release|x86.ActiveCfg = Release|Any CPU
		{47815ED4-8E42-4429-89F6-F83D31BC045A}.Release|x86.Build.0 = Release|Any CPU
		{78BE5BBD-7760-436F-813E-76494D24698E}.Debug|Any CPU.ActiveCfg = Debug|Any CPU
		{78BE5BBD-7760-436F-813E-76494D24698E}.Debug|Any CPU.Build.0 = Debug|Any CPU
		{78BE5BBD-7760-436F-813E-76494D24698E}.Debug|x64.ActiveCfg = Debug|Any CPU
		{78BE5BBD-7760-436F-813E-76494D24698E}.Debug|x64.Build.0 = Debug|Any CPU
		{78BE5BBD-7760-436F-813E-76494D24698E}.Debug|x86.ActiveCfg = Debug|Any CPU
		{78BE5BBD-7760-436F-813E-76494D24698E}.Debug|x86.Build.0 = Debug|Any CPU
		{78BE5BBD-7760-436F-813E-76494D24698E}.Release|Any CPU.ActiveCfg = Release|Any CPU
		{78BE5BBD-7760-436F-813E-76494D24698E}.Release|Any CPU.Build.0 = Release|Any CPU
		{78BE5BBD-7760-436F-813E-76494D24698E}.Release|x64.ActiveCfg = Release|Any CPU
		{78BE5BBD-7760-436F-813E-76494D24698E}.Release|x64.Build.0 = Release|Any CPU
		{78BE5BBD-7760-436F-813E-76494D24698E}.Release|x86.ActiveCfg = Release|Any CPU
		{78BE5BBD-7760-436F-813E-76494D24698E}.Release|x86.Build.0 = Release|Any CPU
	EndGlobalSection
EndGlobal
